
Microsoft Visual Studio Solution File, Format Version 12.00
# Visual Studio Version 17
VisualStudioVersion = 17.7.34221.43
MinimumVisualStudioVersion = 10.0.40219.1
Project("{FAE04EC0-301F-11D3-BF4B-00C04F79EFBC}") = "AuthService", "AuthService\AuthService.csproj", "{5F91F6E1-BAB5-471D-B6AC-EEE4597735EE}"
EndProject
Project("{FAE04EC0-301F-11D3-BF4B-00C04F79EFBC}") = "ProductService", "ProductService\ProductService.csproj", "{70F8D6FD-761F-4BA8-82C5-3675D7CE50BE}"
EndProject
Project("{FAE04EC0-301F-11D3-BF4B-00C04F79EFBC}") = "CartService", "CartService\CartService.csproj", "{BBDE2611-73AA-4F08-8FFA-3227AB0423A3}"
EndProject
Project("{FAE04EC0-301F-11D3-BF4B-00C04F79EFBC}") = "OrderService", "OrderService\OrderService.csproj", "{8D31F90C-4099-4108-92AD-645EC6755AB7}"
EndProject
Global
	GlobalSection(SolutionConfigurationPlatforms) = preSolution
		Debug|Any CPU = Debug|Any CPU
		Release|Any CPU = Release|Any CPU
	EndGlobalSection
	GlobalSection(ProjectConfigurationPlatforms) = postSolution
		{5F91F6E1-BAB5-471D-B6AC-EEE4597735EE}.Debug|Any CPU.ActiveCfg = Debug|Any CPU
		{5F91F6E1-BAB5-471D-B6AC-EEE4597735EE}.Debug|Any CPU.Build.0 = Debug|Any CPU
		{5F91F6E1-BAB5-471D-B6AC-EEE4597735EE}.Release|Any CPU.ActiveCfg = Release|Any CPU
		{5F91F6E1-BAB5-471D-B6AC-EEE4597735EE}.Release|Any CPU.Build.0 = Release|Any CPU
		{70F8D6FD-761F-4BA8-82C5-3675D7CE50BE}.Debug|Any CPU.ActiveCfg = Debug|Any CPU
		{70F8D6FD-761F-4BA8-82C5-3675D7CE50BE}.Debug|Any CPU.Build.0 = Debug|Any CPU
		{70F8D6FD-761F-4BA8-82C5-3675D7CE50BE}.Release|Any CPU.ActiveCfg = Release|Any CPU
		{70F8D6FD-761F-4BA8-82C5-3675D7CE50BE}.Release|Any CPU.Build.0 = Release|Any CPU
		{BBDE2611-73AA-4F08-8FFA-3227AB0423A3}.Debug|Any CPU.ActiveCfg = Debug|Any CPU
		{BBDE2611-73AA-4F08-8FFA-3227AB0423A3}.Debug|Any CPU.Build.0 = Debug|Any CPU
		{BBDE2611-73AA-4F08-8FFA-3227AB0423A3}.Release|Any CPU.ActiveCfg = Release|Any CPU
		{BBDE2611-73AA-4F08-8FFA-3227AB0423A3}.Release|Any CPU.Build.0 = Release|Any CPU
		{8D31F90C-4099-4108-92AD-645EC6755AB7}.Debug|Any CPU.ActiveCfg = Debug|Any CPU
		{8D31F90C-4099-4108-92AD-645EC6755AB7}.Debug|Any CPU.Build.0 = Debug|Any CPU
		{8D31F90C-4099-4108-92AD-645EC6755AB7}.Release|Any CPU.ActiveCfg = Release|Any CPU
		{8D31F90C-4099-4108-92AD-645EC6755AB7}.Release|Any CPU.Build.0 = Release|Any CPU
	EndGlobalSection
	GlobalSection(SolutionProperties) = preSolution
		HideSolutionNode = FALSE
	EndGlobalSection
	GlobalSection(ExtensibilityGlobals) = postSolution
		SolutionGuid = {2B462E5A-986B-4A05-A609-C88D793DA869}
	EndGlobalSection
EndGlobal
